
Microsoft Visual Studio Solution File, Format Version 12.00
# Visual Studio 15
VisualStudioVersion = 15.0.26730.16
MinimumVisualStudioVersion = 10.0.40219.1
Project("{FAE04EC0-301F-11D3-BF4B-00C04F79EFBC}") = "ConsoleApp8", "ConsoleApp8\ConsoleApp8.csproj", "{CC7F034D-D862-4B18-BA78-8C22CD1EDAAF}"
EndProject
Global
	GlobalSection(SolutionConfigurationPlatforms) = preSolution
		Debug|Any CPU = Debug|Any CPU
		Release|Any CPU = Release|Any CPU
	EndGlobalSection
	GlobalSection(ProjectConfigurationPlatforms) = postSolution
		{CC7F034D-D862-4B18-BA78-8C22CD1EDAAF}.Debug|Any CPU.ActiveCfg = Debug|Any CPU
		{CC7F034D-D862-4B18-BA78-8C22CD1EDAAF}.Debug|Any CPU.Build.0 = Debug|Any CPU
		{CC7F034D-D862-4B18-BA78-8C22CD1EDAAF}.Release|Any CPU.ActiveCfg = Release|Any CPU
		{CC7F034D-D862-4B18-BA78-8C22CD1EDAAF}.Release|Any CPU.Build.0 = Release|Any CPU
	EndGlobalSection
	GlobalSection(SolutionProperties) = preSolution
		HideSolutionNode = FALSE
	EndGlobalSection
	GlobalSection(ExtensibilityGlobals) = postSolution
		SolutionGuid = {112995D6-EEE7-4F61-B0AA-BD8E16B0C085}
	EndGlobalSection
EndGlobal
